{
  "requires": true,
  "lockfileVersion": 1,
  "dependencies": {
    "crypto": {
      "version": "0.0.3",
      "resolved": "https://registry.npmjs.org/crypto/-/crypto-0.0.3.tgz",
      "integrity": "sha512-Q6Ka98WcvWXXg+9cnqd3jHpTSIOaH6/q0m/bESMfQo/0uFxy6e/7EqVS4JdaWx9qLdqV56tDufy2b12dj7BHJg=="
    },
    "probability-distributions": {
      "version": "0.9.1",
      "resolved": "https://registry.npmjs.org/probability-distributions/-/probability-distributions-0.9.1.tgz",
      "integrity": "sha512-guES77A321GzcK6swYmxhBeYQ10UNyiG0Gf4Ks+3239BuS27EFH/rrlfBW/oYlPyiufdey/3OlVqKvlXFB9LTQ==",
      "requires": {
        "crypto": "0.0.3"
      }
    }
  }
}
